// !$*UTF8*$!
{
	archiveVersion = 1;
	classes = {
	};
	objectVersion = 56;
	objects = {

/* Begin PBXBuildFile section */
		C6A8302CE315EC67C653EEF5 /* LucakuAudioApp.swift in Sources */ = {isa = PBXBuildFile; fileRef = E92FF33BA9B576CF88DC6CBF /* LucakuAudioApp.swift */; };
		2F0FC50487455A76EFF06374 /* ContentView.swift in Sources */ = {isa = PBXBuildFile; fileRef = 89E49ECCD298F60E4291CD77 /* ContentView.swift */; };
		9FB3DF9E0B3F0F7E2F5AB82F /* Config.swift in Sources */ = {isa = PBXBuildFile; fileRef = 6A9F0C82BB0FD22B2FA91ED6 /* Config.swift */; };
		6929E3BC29B7EF924246A104 /* APIClient.swift in Sources */ = {isa = PBXBuildFile; fileRef = 0279F20D18AE8BCB0119BCC2 /* APIClient.swift */; };
		EF5CAFEF4F7A4BC07F2F5CBD /* APIError.swift in Sources */ = {isa = PBXBuildFile; fileRef = 77E9494138BAF1F91B6FA08C /* APIError.swift */; };
		66F10B91371E97D5DED84138 /* AuthModels.swift in Sources */ = {isa = PBXBuildFile; fileRef = D19343E7CF9A667CA99FDFC3 /* AuthModels.swift */; };
		77FBF05E818F417B5226F9E5 /* HomeModels.swift in Sources */ = {isa = PBXBuildFile; fileRef = C55D9DDC93F7C7C0106D2125 /* HomeModels.swift */; };
		34C45EB774A66AB7AC10D6BB /* GenerationModels.swift in Sources */ = {isa = PBXBuildFile; fileRef = EAF2D676CD38B88B29066CB0 /* GenerationModels.swift */; };
		4B4DF2976D1BEC2B0FFA5892 /* SearchModels.swift in Sources */ = {isa = PBXBuildFile; fileRef = 94717B46BDEA36DA86C60907 /* SearchModels.swift */; };
		7C766C99F9F6B7001E6419BE /* SessionStore.swift in Sources */ = {isa = PBXBuildFile; fileRef = 929341A52F15AAD5945AD01B /* SessionStore.swift */; };
		6407A19CB9B4BA1E74439CBB /* LoginView.swift in Sources */ = {isa = PBXBuildFile; fileRef = 718F2BD0F09623DAE53ACA84 /* LoginView.swift */; };
		9C734821AA22EAF40CB07CBB /* HomeView.swift in Sources */ = {isa = PBXBuildFile; fileRef = AD33789BA5D0B0F399759EFE /* HomeView.swift */; };
		FB57D87F04299236F7341BA6 /* HomeViewModel.swift in Sources */ = {isa = PBXBuildFile; fileRef = 543E0BDC2332CBE17AFA558E /* HomeViewModel.swift */; };
		74082829A40040CE9A2049FB /* LibraryView.swift in Sources */ = {isa = PBXBuildFile; fileRef = 4B6BE61D0649F48E86D52298 /* LibraryView.swift */; };
		597FE6F1116A37B5D0B3D6F2 /* LibraryViewModel.swift in Sources */ = {isa = PBXBuildFile; fileRef = E038740C419994F09025A1CB /* LibraryViewModel.swift */; };
		B7B9F2984EA2BFBC0ED93994 /* SettingsView.swift in Sources */ = {isa = PBXBuildFile; fileRef = BE0828A73612D8093A11CDFB /* SettingsView.swift */; };
		F538702789B39516E2650E67 /* Assets.xcassets in Resources */ = {isa = PBXBuildFile; fileRef = 560ACC0AFC14B01D723AAD2E /* Assets.xcassets */; };
		2E50EF46C1A3C5D03A23FAAE /* Preview Assets.xcassets in Resources */ = {isa = PBXBuildFile; fileRef = F67D742DE0A8670B599C0577 /* Preview Assets.xcassets */; };
		06822CE885F14A8A96FFFDD3 /* LucakuColor.swift in Sources */ = {isa = PBXBuildFile; fileRef = 69288E30F4EB472DA85EC5C3 /* LucakuColor.swift */; };
		664AA7F7810C49B383DD1A42 /* LucakuTypography.swift in Sources */ = {isa = PBXBuildFile; fileRef = 2C3E4D5839734BB792C450B1 /* LucakuTypography.swift */; };
		8ACEBCB60F3E408DA1315E2D /* LucakuSpacing.swift in Sources */ = {isa = PBXBuildFile; fileRef = 5BE9E131A7C5404697A8AF15 /* LucakuSpacing.swift */; };
		F14D1BBCA30D4B7BA491898D /* LucakuRadius.swift in Sources */ = {isa = PBXBuildFile; fileRef = 4D80DD700C864880AEB0361E /* LucakuRadius.swift */; };
		943AA3027AA5426092F88D20 /* LucakuMotion.swift in Sources */ = {isa = PBXBuildFile; fileRef = FBB3515470E346799F409EC5 /* LucakuMotion.swift */; };
		1D38B86019DB4780AEA91D6F /* SettingsModels.swift in Sources */ = {isa = PBXBuildFile; fileRef = BEFA414400124688BFE64210 /* SettingsModels.swift */; };
		BDC57A8F26CE4234980D68FD /* SettingsViewModel.swift in Sources */ = {isa = PBXBuildFile; fileRef = 5587AB59E9934D6FAD84588C /* SettingsViewModel.swift */; };
		C4D53E93ADD548569F0462A9 /* MiniPlayerBar.swift in Sources */ = {isa = PBXBuildFile; fileRef = 68A06D45EA6F4A229E3440D9 /* MiniPlayerBar.swift */; };
		6F67F47607C1493BA890E339 /* HomeComponents.swift in Sources */ = {isa = PBXBuildFile; fileRef = 329AAA904806435AB1CA87CB /* HomeComponents.swift */; };
		34D1E89B69574A3F9824466C /* PlayerModels.swift in Sources */ = {isa = PBXBuildFile; fileRef = 8E3748D70D3140759CA6D239 /* PlayerModels.swift */; };
		4FBA19B65D5B44BB8A4B65E5 /* PlayerViewModel.swift in Sources */ = {isa = PBXBuildFile; fileRef = EE86656C0A684261BAC4E514 /* PlayerViewModel.swift */; };
		6774D38A62A44DD6BEA5251D /* PlayerListView.swift in Sources */ = {isa = PBXBuildFile; fileRef = 346FF916D1584CCCBDE64B5E /* PlayerListView.swift */; };
		8B7C5515C9A04E17B5A813F4 /* BlockRowView.swift in Sources */ = {isa = PBXBuildFile; fileRef = 2AFFCAA5F6C84736B0A77F25 /* BlockRowView.swift */; };
		90DBA7F69B0B4B6AA912FE67 /* WaveformGlyph.swift in Sources */ = {isa = PBXBuildFile; fileRef = BE12E508BD5C4B5CBD7FEAD2 /* WaveformGlyph.swift */; };
		8DE015E24B8544F094772F80 /* MiniPlayerView.swift in Sources */ = {isa = PBXBuildFile; fileRef = B0782513F345488AA0E49061 /* MiniPlayerView.swift */; };
		7A13FF4710D14ACAAF28D314 /* NowPlayingView.swift in Sources */ = {isa = PBXBuildFile; fileRef = ADD22404D5D04B2ABE84F4CF /* NowPlayingView.swift */; };
		6A1BA496956D4069B3640620 /* TranscriptPanelView.swift in Sources */ = {isa = PBXBuildFile; fileRef = 8233FB7BF60E4EEDB064D344 /* TranscriptPanelView.swift */; };
		F8FB42155CAF46EFA74261A5 /* TuningSheetView.swift in Sources */ = {isa = PBXBuildFile; fileRef = 79B01EAA04924D7FBF5E5CBE /* TuningSheetView.swift */; };
		6583FE8D9FFCF7D95CC45170 /* AudioQueueItem.swift in Sources */ = {isa = PBXBuildFile; fileRef = 921822581440BF4F6CDCF594 /* AudioQueueItem.swift */; };
		3E5D1377D432DB1B1D139CD5 /* AudioPlayerService.swift in Sources */ = {isa = PBXBuildFile; fileRef = 123F40BC12C216BE9E691675 /* AudioPlayerService.swift */; };
		07F1B4FE2DDDA64CE1B00164 /* AudioEngineDemoView.swift in Sources */ = {isa = PBXBuildFile; fileRef = 12E648D61E9CA316938C5BC9 /* AudioEngineDemoView.swift */; };
/* End PBXBuildFile section */

/* Begin PBXFileReference section */
		E92FF33BA9B576CF88DC6CBF /* LucakuAudioApp.swift */ = {isa = PBXFileReference; lastKnownFileType = sourcecode.swift; path = LucakuAudioApp.swift; sourceTree = "<group>"; };
		89E49ECCD298F60E4291CD77 /* ContentView.swift */ = {isa = PBXFileReference; lastKnownFileType = sourcecode.swift; path = ContentView.swift; sourceTree = "<group>"; };
		6A9F0C82BB0FD22B2FA91ED6 /* Config.swift */ = {isa = PBXFileReference; lastKnownFileType = sourcecode.swift; path = Config.swift; sourceTree = "<group>"; };
		0279F20D18AE8BCB0119BCC2 /* APIClient.swift */ = {isa = PBXFileReference; lastKnownFileType = sourcecode.swift; path = APIClient.swift; sourceTree = "<group>"; };
		77E9494138BAF1F91B6FA08C /* APIError.swift */ = {isa = PBXFileReference; lastKnownFileType = sourcecode.swift; path = APIError.swift; sourceTree = "<group>"; };
		D19343E7CF9A667CA99FDFC3 /* AuthModels.swift */ = {isa = PBXFileReference; lastKnownFileType = sourcecode.swift; path = AuthModels.swift; sourceTree = "<group>"; };
		C55D9DDC93F7C7C0106D2125 /* HomeModels.swift */ = {isa = PBXFileReference; lastKnownFileType = sourcecode.swift; path = HomeModels.swift; sourceTree = "<group>"; };
		EAF2D676CD38B88B29066CB0 /* GenerationModels.swift */ = {isa = PBXFileReference; lastKnownFileType = sourcecode.swift; path = GenerationModels.swift; sourceTree = "<group>"; };
		94717B46BDEA36DA86C60907 /* SearchModels.swift */ = {isa = PBXFileReference; lastKnownFileType = sourcecode.swift; path = SearchModels.swift; sourceTree = "<group>"; };
		929341A52F15AAD5945AD01B /* SessionStore.swift */ = {isa = PBXFileReference; lastKnownFileType = sourcecode.swift; path = SessionStore.swift; sourceTree = "<group>"; };
		718F2BD0F09623DAE53ACA84 /* LoginView.swift */ = {isa = PBXFileReference; lastKnownFileType = sourcecode.swift; path = LoginView.swift; sourceTree = "<group>"; };
		AD33789BA5D0B0F399759EFE /* HomeView.swift */ = {isa = PBXFileReference; lastKnownFileType = sourcecode.swift; path = HomeView.swift; sourceTree = "<group>"; };
		543E0BDC2332CBE17AFA558E /* HomeViewModel.swift */ = {isa = PBXFileReference; lastKnownFileType = sourcecode.swift; path = HomeViewModel.swift; sourceTree = "<group>"; };
		4B6BE61D0649F48E86D52298 /* LibraryView.swift */ = {isa = PBXFileReference; lastKnownFileType = sourcecode.swift; path = LibraryView.swift; sourceTree = "<group>"; };
		E038740C419994F09025A1CB /* LibraryViewModel.swift */ = {isa = PBXFileReference; lastKnownFileType = sourcecode.swift; path = LibraryViewModel.swift; sourceTree = "<group>"; };
		BE0828A73612D8093A11CDFB /* SettingsView.swift */ = {isa = PBXFileReference; lastKnownFileType = sourcecode.swift; path = SettingsView.swift; sourceTree = "<group>"; };
		560ACC0AFC14B01D723AAD2E /* Assets.xcassets */ = {isa = PBXFileReference; lastKnownFileType = folder.assetcatalog; path = Assets.xcassets; sourceTree = "<group>"; };
		F67D742DE0A8670B599C0577 /* Preview Assets.xcassets */ = {isa = PBXFileReference; lastKnownFileType = folder.assetcatalog; path = "Preview Assets.xcassets"; sourceTree = "<group>"; };
		F84A9469A955E4C09A07189F /* Info.plist */ = {isa = PBXFileReference; lastKnownFileType = text.plist.xml; path = Info.plist; sourceTree = "<group>"; };
		A87FA0F994F5F875611545BE /* LucakuAudio.app */ = {isa = PBXFileReference; explicitFileType = wrapper.application; includeInIndex = 0; path = LucakuAudio.app; sourceTree = BUILT_PRODUCTS_DIR; };
		69288E30F4EB472DA85EC5C3 /* LucakuColor.swift */ = {isa = PBXFileReference; lastKnownFileType = sourcecode.swift; path = LucakuColor.swift; sourceTree = "<group>"; };
		2C3E4D5839734BB792C450B1 /* LucakuTypography.swift */ = {isa = PBXFileReference; lastKnownFileType = sourcecode.swift; path = LucakuTypography.swift; sourceTree = "<group>"; };
		5BE9E131A7C5404697A8AF15 /* LucakuSpacing.swift */ = {isa = PBXFileReference; lastKnownFileType = sourcecode.swift; path = LucakuSpacing.swift; sourceTree = "<group>"; };
		4D80DD700C864880AEB0361E /* LucakuRadius.swift */ = {isa = PBXFileReference; lastKnownFileType = sourcecode.swift; path = LucakuRadius.swift; sourceTree = "<group>"; };
		FBB3515470E346799F409EC5 /* LucakuMotion.swift */ = {isa = PBXFileReference; lastKnownFileType = sourcecode.swift; path = LucakuMotion.swift; sourceTree = "<group>"; };
		BEFA414400124688BFE64210 /* SettingsModels.swift */ = {isa = PBXFileReference; lastKnownFileType = sourcecode.swift; path = SettingsModels.swift; sourceTree = "<group>"; };
		5587AB59E9934D6FAD84588C /* SettingsViewModel.swift */ = {isa = PBXFileReference; lastKnownFileType = sourcecode.swift; path = SettingsViewModel.swift; sourceTree = "<group>"; };
		68A06D45EA6F4A229E3440D9 /* MiniPlayerBar.swift */ = {isa = PBXFileReference; lastKnownFileType = sourcecode.swift; path = MiniPlayerBar.swift; sourceTree = "<group>"; };
		329AAA904806435AB1CA87CB /* HomeComponents.swift */ = {isa = PBXFileReference; lastKnownFileType = sourcecode.swift; path = HomeComponents.swift; sourceTree = "<group>"; };
		8E3748D70D3140759CA6D239 /* PlayerModels.swift */ = {isa = PBXFileReference; lastKnownFileType = sourcecode.swift; path = PlayerModels.swift; sourceTree = "<group>"; };
		EE86656C0A684261BAC4E514 /* PlayerViewModel.swift */ = {isa = PBXFileReference; lastKnownFileType = sourcecode.swift; path = PlayerViewModel.swift; sourceTree = "<group>"; };
		346FF916D1584CCCBDE64B5E /* PlayerListView.swift */ = {isa = PBXFileReference; lastKnownFileType = sourcecode.swift; path = PlayerListView.swift; sourceTree = "<group>"; };
		2AFFCAA5F6C84736B0A77F25 /* BlockRowView.swift */ = {isa = PBXFileReference; lastKnownFileType = sourcecode.swift; path = BlockRowView.swift; sourceTree = "<group>"; };
		BE12E508BD5C4B5CBD7FEAD2 /* WaveformGlyph.swift */ = {isa = PBXFileReference; lastKnownFileType = sourcecode.swift; path = WaveformGlyph.swift; sourceTree = "<group>"; };
		B0782513F345488AA0E49061 /* MiniPlayerView.swift */ = {isa = PBXFileReference; lastKnownFileType = sourcecode.swift; path = MiniPlayerView.swift; sourceTree = "<group>"; };
		ADD22404D5D04B2ABE84F4CF /* NowPlayingView.swift */ = {isa = PBXFileReference; lastKnownFileType = sourcecode.swift; path = NowPlayingView.swift; sourceTree = "<group>"; };
		8233FB7BF60E4EEDB064D344 /* TranscriptPanelView.swift */ = {isa = PBXFileReference; lastKnownFileType = sourcecode.swift; path = TranscriptPanelView.swift; sourceTree = "<group>"; };
		79B01EAA04924D7FBF5E5CBE /* TuningSheetView.swift */ = {isa = PBXFileReference; lastKnownFileType = sourcecode.swift; path = TuningSheetView.swift; sourceTree = "<group>"; };
		921822581440BF4F6CDCF594 /* AudioQueueItem.swift */ = {isa = PBXFileReference; lastKnownFileType = sourcecode.swift; path = AudioQueueItem.swift; sourceTree = "<group>"; };
		123F40BC12C216BE9E691675 /* AudioPlayerService.swift */ = {isa = PBXFileReference; lastKnownFileType = sourcecode.swift; path = AudioPlayerService.swift; sourceTree = "<group>"; };
		12E648D61E9CA316938C5BC9 /* AudioEngineDemoView.swift */ = {isa = PBXFileReference; lastKnownFileType = sourcecode.swift; path = AudioEngineDemoView.swift; sourceTree = "<group>"; };
/* End PBXFileReference section */

/* Begin PBXFrameworksBuildPhase section */
		7ABBA17B04CAC62B6468C8FE /* Frameworks */ = {
			isa = PBXFrameworksBuildPhase;
			buildActionMask = 2147483647;
			files = (
			);
			runOnlyForDeploymentPostprocessing = 0;
		};
/* End PBXFrameworksBuildPhase section */

/* Begin PBXGroup section */
		4ADCCE7B098046F682DCE9EF = {
			isa = PBXGroup;
			children = (
				D19343E7CF9A667CA99FDFC3 /* AuthModels.swift */,
				C55D9DDC93F7C7C0106D2125 /* HomeModels.swift */,
				EAF2D676CD38B88B29066CB0 /* GenerationModels.swift */,
				94717B46BDEA36DA86C60907 /* SearchModels.swift */,
				BEFA414400124688BFE64210 /* SettingsModels.swift */,
			);
			path = Models;
			sourceTree = "<group>";
		};
		8BA8EB0A399E6FB620C904B4 = {
			isa = PBXGroup;
			children = (
				0279F20D18AE8BCB0119BCC2 /* APIClient.swift */,
				77E9494138BAF1F91B6FA08C /* APIError.swift */,
				4ADCCE7B098046F682DCE9EF /* Models */,
			);
			path = Networking;
			sourceTree = "<group>";
		};
		8FEFEEC964363CF7DAE4CF3B = {
			isa = PBXGroup;
			children = (
				929341A52F15AAD5945AD01B /* SessionStore.swift */,
			);
			path = Session;
			sourceTree = "<group>";
		};
		9772AFA09C8C7B96566D91B3 = {
			isa = PBXGroup;
			children = (
				718F2BD0F09623DAE53ACA84 /* LoginView.swift */,
			);
			path = Auth;
			sourceTree = "<group>";
		};
		58C36A4F5BE2757FF3273C84 = {
			isa = PBXGroup;
			children = (
				AD33789BA5D0B0F399759EFE /* HomeView.swift */,
				543E0BDC2332CBE17AFA558E /* HomeViewModel.swift */,
				68A06D45EA6F4A229E3440D9 /* MiniPlayerBar.swift */,
				329AAA904806435AB1CA87CB /* HomeComponents.swift */,
			);
			path = Home;
			sourceTree = "<group>";
		};
		7FEF5C79E4BA12B954D0FAD4 = {
			isa = PBXGroup;
			children = (
				4B6BE61D0649F48E86D52298 /* LibraryView.swift */,
				E038740C419994F09025A1CB /* LibraryViewModel.swift */,
			);
			path = Library;
			sourceTree = "<group>";
		};
		3A74793DD825986B19E4CFE1 = {
			isa = PBXGroup;
			children = (
				BE0828A73612D8093A11CDFB /* SettingsView.swift */,
				5587AB59E9934D6FAD84588C /* SettingsViewModel.swift */,
			);
			path = Settings;
			sourceTree = "<group>";
		};
		796E980923CF46D0A07AD00A = {
			isa = PBXGroup;
			children = (
				8E3748D70D3140759CA6D239 /* PlayerModels.swift */,
				EE86656C0A684261BAC4E514 /* PlayerViewModel.swift */,
				346FF916D1584CCCBDE64B5E /* PlayerListView.swift */,
				2AFFCAA5F6C84736B0A77F25 /* BlockRowView.swift */,
				BE12E508BD5C4B5CBD7FEAD2 /* WaveformGlyph.swift */,
				B0782513F345488AA0E49061 /* MiniPlayerView.swift */,
				ADD22404D5D04B2ABE84F4CF /* NowPlayingView.swift */,
				8233FB7BF60E4EEDB064D344 /* TranscriptPanelView.swift */,
				79B01EAA04924D7FBF5E5CBE /* TuningSheetView.swift */,
			);
			path = Player;
			sourceTree = "<group>";
		};
		353C0013BE7672732D602DCA = {
			isa = PBXGroup;
			children = (
				12E648D61E9CA316938C5BC9 /* AudioEngineDemoView.swift */,
			);
			path = AudioDemo;
			sourceTree = "<group>";
		};
		3DEE482E18429A2ED0F9619E = {
			isa = PBXGroup;
			children = (
				9772AFA09C8C7B96566D91B3 /* Auth */,
				58C36A4F5BE2757FF3273C84 /* Home */,
				7FEF5C79E4BA12B954D0FAD4 /* Library */,
				796E980923CF46D0A07AD00A /* Player */,
				3A74793DD825986B19E4CFE1 /* Settings */,
				353C0013BE7672732D602DCA /* AudioDemo */,
			);
			path = Features;
			sourceTree = "<group>";
		};
		CA6B37274ACD72658311BFD2 = {
			isa = PBXGroup;
			children = (
				921822581440BF4F6CDCF594 /* AudioQueueItem.swift */,
				123F40BC12C216BE9E691675 /* AudioPlayerService.swift */,
			);
			path = Audio;
			sourceTree = "<group>";
		};
		A5B3B95F3B8E4C8A9C6F0D1E = {
			isa = PBXGroup;
			children = (
				CA6B37274ACD72658311BFD2 /* Audio */,
			);
			path = Services;
			sourceTree = "<group>";
		};
		C22A3EC4492D1DAF2818483B = {
			isa = PBXGroup;
			children = (
				F67D742DE0A8670B599C0577 /* Preview Assets.xcassets */,
			);
			path = "Preview Content";
			sourceTree = "<group>";
		};
		F08D1E8166E54A3FADC8B4FC = {
			isa = PBXGroup;
			children = (
				69288E30F4EB472DA85EC5C3 /* LucakuColor.swift */,
				2C3E4D5839734BB792C450B1 /* LucakuTypography.swift */,
				5BE9E131A7C5404697A8AF15 /* LucakuSpacing.swift */,
				4D80DD700C864880AEB0361E /* LucakuRadius.swift */,
				FBB3515470E346799F409EC5 /* LucakuMotion.swift */,
			);
			path = DesignSystem;
			sourceTree = "<group>";
		};
		739AEA46AE8FD7993364EF0E = {
			isa = PBXGroup;
			children = (
				E92FF33BA9B576CF88DC6CBF /* LucakuAudioApp.swift */,
				89E49ECCD298F60E4291CD77 /* ContentView.swift */,
				6A9F0C82BB0FD22B2FA91ED6 /* Config.swift */,
				F08D1E8166E54A3FADC8B4FC /* DesignSystem */,
				8BA8EB0A399E6FB620C904B4 /* Networking */,
				8FEFEEC964363CF7DAE4CF3B /* Session */,
				A5B3B95F3B8E4C8A9C6F0D1E /* Services */,
				3DEE482E18429A2ED0F9619E /* Features */,
				560ACC0AFC14B01D723AAD2E /* Assets.xcassets */,
				C22A3EC4492D1DAF2818483B /* Preview Content */,
				F84A9469A955E4C09A07189F /* Info.plist */,
			);
			path = LucakuAudio;
			sourceTree = "<group>";
		};
		6EE73C3C6D13015E82B00D9F = {
			isa = PBXGroup;
			children = (
				A87FA0F994F5F875611545BE /* LucakuAudio.app */,
			);
			name = Products;
			sourceTree = "<group>";
		};
		EF3CF77CB9477F40BB82DA0F = {
			isa = PBXGroup;
			children = (
				739AEA46AE8FD7993364EF0E /* LucakuAudio */,
				6EE73C3C6D13015E82B00D9F /* Products */,
			);
			sourceTree = "<group>";
		};
/* End PBXGroup section */

/* Begin PBXNativeTarget section */
		49CB22C2500850DB65AAE3F9 /* LucakuAudio */ = {
			isa = PBXNativeTarget;
			buildConfigurationList = C90018CDAE942B610CB05BF8 /* Build configuration list for PBXNativeTarget "LucakuAudio" */;
			buildPhases = (
				161CB4E77BDC7A32FEA1D3B9 /* Sources */,
				7ABBA17B04CAC62B6468C8FE /* Frameworks */,
				8B163148AA5E451A50697043 /* Resources */,
			);
			buildRules = (
			);
			dependencies = (
			);
			name = LucakuAudio;
			productName = LucakuAudio;
			productReference = A87FA0F994F5F875611545BE /* LucakuAudio.app */;
			productType = "com.apple.product-type.application";
		};
/* End PBXNativeTarget section */

/* Begin PBXProject section */
		E0C7CC25E22319C2BAEED104 /* Project object */ = {
			isa = PBXProject;
			attributes = {
				BuildIndependentTargetsInParallel = 1;
				LastSwiftUpdateCheck = 1520;
				LastUpgradeCheck = 1520;
				TargetAttributes = {
					49CB22C2500850DB65AAE3F9 = {
						CreatedOnToolsVersion = 15.2;
					};
				};
			};
			buildConfigurationList = 7914B49B6B4B0DF06AEBFED0 /* Build configuration list for PBXProject "LucakuAudio" */;
			compatibilityVersion = "Xcode 14.0";
			developmentRegion = en;
			hasScannedForEncodings = 0;
			knownRegions = (
				en,
				Base,
			);
			mainGroup = EF3CF77CB9477F40BB82DA0F;
			productRefGroup = 6EE73C3C6D13015E82B00D9F /* Products */;
			projectDirPath = "";
			projectRoot = "";
			targets = (
				49CB22C2500850DB65AAE3F9 /* LucakuAudio */,
			);
		};
/* End PBXProject section */

/* Begin PBXResourcesBuildPhase section */
		8B163148AA5E451A50697043 /* Resources */ = {
			isa = PBXResourcesBuildPhase;
			buildActionMask = 2147483647;
			files = (
				F538702789B39516E2650E67 /* Assets.xcassets in Resources */,
				2E50EF46C1A3C5D03A23FAAE /* Preview Assets.xcassets in Resources */,
			);
			runOnlyForDeploymentPostprocessing = 0;
		};
/* End PBXResourcesBuildPhase section */

/* Begin PBXSourcesBuildPhase section */
		161CB4E77BDC7A32FEA1D3B9 /* Sources */ = {
			isa = PBXSourcesBuildPhase;
			buildActionMask = 2147483647;
			files = (
				C6A8302CE315EC67C653EEF5 /* LucakuAudioApp.swift in Sources */,
				2F0FC50487455A76EFF06374 /* ContentView.swift in Sources */,
				9FB3DF9E0B3F0F7E2F5AB82F /* Config.swift in Sources */,
				6929E3BC29B7EF924246A104 /* APIClient.swift in Sources */,
				EF5CAFEF4F7A4BC07F2F5CBD /* APIError.swift in Sources */,
				66F10B91371E97D5DED84138 /* AuthModels.swift in Sources */,
				77FBF05E818F417B5226F9E5 /* HomeModels.swift in Sources */,
				34C45EB774A66AB7AC10D6BB /* GenerationModels.swift in Sources */,
				4B4DF2976D1BEC2B0FFA5892 /* SearchModels.swift in Sources */,
				7C766C99F9F6B7001E6419BE /* SessionStore.swift in Sources */,
				6407A19CB9B4BA1E74439CBB /* LoginView.swift in Sources */,
				9C734821AA22EAF40CB07CBB /* HomeView.swift in Sources */,
				FB57D87F04299236F7341BA6 /* HomeViewModel.swift in Sources */,
				74082829A40040CE9A2049FB /* LibraryView.swift in Sources */,
				597FE6F1116A37B5D0B3D6F2 /* LibraryViewModel.swift in Sources */,
				B7B9F2984EA2BFBC0ED93994 /* SettingsView.swift in Sources */,
				06822CE885F14A8A96FFFDD3 /* LucakuColor.swift in Sources */,
				664AA7F7810C49B383DD1A42 /* LucakuTypography.swift in Sources */,
				8ACEBCB60F3E408DA1315E2D /* LucakuSpacing.swift in Sources */,
				F14D1BBCA30D4B7BA491898D /* LucakuRadius.swift in Sources */,
				943AA3027AA5426092F88D20 /* LucakuMotion.swift in Sources */,
				1D38B86019DB4780AEA91D6F /* SettingsModels.swift in Sources */,
				BDC57A8F26CE4234980D68FD /* SettingsViewModel.swift in Sources */,
				C4D53E93ADD548569F0462A9 /* MiniPlayerBar.swift in Sources */,
				6F67F47607C1493BA890E339 /* HomeComponents.swift in Sources */,
				34D1E89B69574A3F9824466C /* PlayerModels.swift in Sources */,
				4FBA19B65D5B44BB8A4B65E5 /* PlayerViewModel.swift in Sources */,
				6774D38A62A44DD6BEA5251D /* PlayerListView.swift in Sources */,
				8B7C5515C9A04E17B5A813F4 /* BlockRowView.swift in Sources */,
				90DBA7F69B0B4B6AA912FE67 /* WaveformGlyph.swift in Sources */,
				8DE015E24B8544F094772F80 /* MiniPlayerView.swift in Sources */,
				7A13FF4710D14ACAAF28D314 /* NowPlayingView.swift in Sources */,
				6A1BA496956D4069B3640620 /* TranscriptPanelView.swift in Sources */,
				F8FB42155CAF46EFA74261A5 /* TuningSheetView.swift in Sources */,
				6583FE8D9FFCF7D95CC45170 /* AudioQueueItem.swift in Sources */,
				3E5D1377D432DB1B1D139CD5 /* AudioPlayerService.swift in Sources */,
				07F1B4FE2DDDA64CE1B00164 /* AudioEngineDemoView.swift in Sources */,
			);
			runOnlyForDeploymentPostprocessing = 0;
		};
/* End PBXSourcesBuildPhase section */

/* Begin XCBuildConfiguration section */
		883E07CD5302E4F481E2FBA0 /* Debug */ = {
			isa = XCBuildConfiguration;
			buildSettings = {
				ALWAYS_SEARCH_USER_PATHS = NO;
				ASSETCATALOG_COMPILER_GENERATE_SWIFT_ASSET_SYMBOL_EXTENSIONS = YES;
				CLANG_ANALYZER_NONNULL = YES;
				CLANG_ANALYZER_NUMBER_OBJECT_CONVERSION = YES_AGGRESSIVE;
				CLANG_CXX_LANGUAGE_STANDARD = "gnu++20";
				CLANG_ENABLE_MODULES = YES;
				CLANG_ENABLE_OBJC_ARC = YES;
				CLANG_ENABLE_OBJC_WEAK = YES;
				CLANG_WARN_BLOCK_CAPTURE_AUTORELEASING = YES;
				CLANG_WARN_BOOL_CONVERSION = YES;
				CLANG_WARN_COMMA = YES;
				CLANG_WARN_CONSTANT_CONVERSION = YES;
				CLANG_WARN_DEPRECATED_OBJC_IMPLEMENTATIONS = YES;
				CLANG_WARN_DIRECT_OBJC_ISA_USAGE = YES_ERROR;
				CLANG_WARN_DOCUMENTATION_COMMENTS = YES;
				CLANG_WARN_EMPTY_BODY = YES;
				CLANG_WARN_ENUM_CONVERSION = YES;
				CLANG_WARN_INFINITE_RECURSION = YES;
				CLANG_WARN_INT_CONVERSION = YES;
				CLANG_WARN_NON_LITERAL_NULL_CONVERSION = YES;
				CLANG_WARN_OBJC_IMPLICIT_RETAIN_SELF = YES;
				CLANG_WARN_OBJC_LITERAL_CONVERSION = YES;
				CLANG_WARN_OBJC_ROOT_CLASS = YES_ERROR;
				CLANG_WARN_QUOTED_INCLUDE_IN_FRAMEWORK_HEADER = YES;
				CLANG_WARN_RANGE_LOOP_ANALYSIS = YES;
				CLANG_WARN_STRICT_PROTOTYPES = YES;
				CLANG_WARN_SUSPICIOUS_MOVE = YES;
				CLANG_WARN_UNGUARDED_AVAILABILITY = YES_AGGRESSIVE;
				CLANG_WARN_UNREACHABLE_CODE = YES;
				CLANG_WARN__DUPLICATE_METHOD_MATCH = YES;
				COPY_PHASE_STRIP = NO;
				DEBUG_INFORMATION_FORMAT = dwarf;
				ENABLE_STRICT_OBJC_MSGSEND = YES;
				ENABLE_TESTABILITY = YES;
				ENABLE_USER_SCRIPT_SANDBOXING = YES;
				GCC_C_LANGUAGE_STANDARD = gnu17;
				GCC_DYNAMIC_NO_PIC = NO;
				GCC_NO_COMMON_BLOCKS = YES;
				GCC_OPTIMIZATION_LEVEL = 0;
				GCC_PREPROCESSOR_DEFINITIONS = (
					"DEBUG=1",
					"$(inherited)",
				);
				GCC_WARN_64_TO_32_BIT_CONVERSION = YES;
				GCC_WARN_ABOUT_RETURN_TYPE = YES_ERROR;
				GCC_WARN_UNDECLARED_SELECTOR = YES;
				GCC_WARN_UNINITIALIZED_AUTOS = YES_AGGRESSIVE;
				GCC_WARN_UNUSED_FUNCTION = YES;
				GCC_WARN_UNUSED_VARIABLE = YES;
				IPHONEOS_DEPLOYMENT_TARGET = 17.0;
				MTL_ENABLE_DEBUG_INFO = INCLUDE_SOURCE;
				MTL_FAST_MATH = YES;
				ONLY_ACTIVE_ARCH = YES;
				SDKROOT = iphoneos;
				SWIFT_ACTIVE_COMPILATION_CONDITIONS = "DEBUG $(inherited)";
				SWIFT_OPTIMIZATION_LEVEL = "-Onone";
				SWIFT_VERSION = 5.0;
			};
			name = Debug;
		};
		54E9FF090EE8D4CD6CF55BE1 /* Release */ = {
			isa = XCBuildConfiguration;
			buildSettings = {
				ALWAYS_SEARCH_USER_PATHS = NO;
				ASSETCATALOG_COMPILER_GENERATE_SWIFT_ASSET_SYMBOL_EXTENSIONS = YES;
				CLANG_ANALYZER_NONNULL = YES;
				CLANG_ANALYZER_NUMBER_OBJECT_CONVERSION = YES_AGGRESSIVE;
				CLANG_CXX_LANGUAGE_STANDARD = "gnu++20";
				CLANG_ENABLE_MODULES = YES;
				CLANG_ENABLE_OBJC_ARC = YES;
				CLANG_ENABLE_OBJC_WEAK = YES;
				CLANG_WARN_BLOCK_CAPTURE_AUTORELEASING = YES;
				CLANG_WARN_BOOL_CONVERSION = YES;
				CLANG_WARN_COMMA = YES;
				CLANG_WARN_CONSTANT_CONVERSION = YES;
				CLANG_WARN_DEPRECATED_OBJC_IMPLEMENTATIONS = YES;
				CLANG_WARN_DIRECT_OBJC_ISA_USAGE = YES_ERROR;
				CLANG_WARN_DOCUMENTATION_COMMENTS = YES;
				CLANG_WARN_EMPTY_BODY = YES;
				CLANG_WARN_ENUM_CONVERSION = YES;
				CLANG_WARN_INFINITE_RECURSION = YES;
				CLANG_WARN_INT_CONVERSION = YES;
				CLANG_WARN_NON_LITERAL_NULL_CONVERSION = YES;
				CLANG_WARN_OBJC_IMPLICIT_RETAIN_SELF = YES;
				CLANG_WARN_OBJC_LITERAL_CONVERSION = YES;
				CLANG_WARN_OBJC_ROOT_CLASS = YES_ERROR;
				CLANG_WARN_QUOTED_INCLUDE_IN_FRAMEWORK_HEADER = YES;
				CLANG_WARN_RANGE_LOOP_ANALYSIS = YES;
				CLANG_WARN_STRICT_PROTOTYPES = YES;
				CLANG_WARN_SUSPICIOUS_MOVE = YES;
				CLANG_WARN_UNGUARDED_AVAILABILITY = YES_AGGRESSIVE;
				CLANG_WARN_UNREACHABLE_CODE = YES;
				CLANG_WARN__DUPLICATE_METHOD_MATCH = YES;
				COPY_PHASE_STRIP = NO;
				DEBUG_INFORMATION_FORMAT = "dwarf-with-dsym";
				ENABLE_NS_ASSERTIONS = NO;
				ENABLE_STRICT_OBJC_MSGSEND = YES;
				ENABLE_USER_SCRIPT_SANDBOXING = YES;
				GCC_C_LANGUAGE_STANDARD = gnu17;
				GCC_NO_COMMON_BLOCKS = YES;
				GCC_WARN_64_TO_32_BIT_CONVERSION = YES;
				GCC_WARN_ABOUT_RETURN_TYPE = YES_ERROR;
				GCC_WARN_UNDECLARED_SELECTOR = YES;
				GCC_WARN_UNINITIALIZED_AUTOS = YES_AGGRESSIVE;
				GCC_WARN_UNUSED_FUNCTION = YES;
				GCC_WARN_UNUSED_VARIABLE = YES;
				IPHONEOS_DEPLOYMENT_TARGET = 17.0;
				MTL_ENABLE_DEBUG_INFO = NO;
				MTL_FAST_MATH = YES;
				SDKROOT = iphoneos;
				SWIFT_COMPILATION_MODE = wholemodule;
				SWIFT_VERSION = 5.0;
				VALIDATE_PRODUCT = YES;
			};
			name = Release;
		};
		8B414560DEE4E5621245FB5F /* Debug */ = {
			isa = XCBuildConfiguration;
			buildSettings = {
				ASSETCATALOG_COMPILER_APPICON_NAME = AppIcon;
				ASSETCATALOG_COMPILER_GLOBAL_ACCENT_COLOR_NAME = AccentColor;
				CODE_SIGN_STYLE = Automatic;
				CURRENT_PROJECT_VERSION = 1;
				DEVELOPMENT_ASSET_PATHS = "\"LucakuAudio/Preview Content\"";
				ENABLE_PREVIEWS = YES;
				GENERATE_INFOPLIST_FILE = YES;
				INFOPLIST_FILE = LucakuAudio/Info.plist;
				IPHONEOS_DEPLOYMENT_TARGET = 17.0;
				LD_RUNPATH_SEARCH_PATHS = (
					"$(inherited)",
					"@executable_path/Frameworks",
				);
				MARKETING_VERSION = 1.0;
				PRODUCT_BUNDLE_IDENTIFIER = com.lucaku.audio;
				PRODUCT_NAME = "$(TARGET_NAME)";
				SWIFT_EMIT_LOC_STRINGS = YES;
				SWIFT_VERSION = 5.0;
				TARGETED_DEVICE_FAMILY = 1;
			};
			name = Debug;
		};
		A3092892C7A03B6FBAFEEB34 /* Release */ = {
			isa = XCBuildConfiguration;
			buildSettings = {
				ASSETCATALOG_COMPILER_APPICON_NAME = AppIcon;
				ASSETCATALOG_COMPILER_GLOBAL_ACCENT_COLOR_NAME = AccentColor;
				CODE_SIGN_STYLE = Automatic;
				CURRENT_PROJECT_VERSION = 1;
				DEVELOPMENT_ASSET_PATHS = "\"LucakuAudio/Preview Content\"";
				ENABLE_PREVIEWS = YES;
				GENERATE_INFOPLIST_FILE = YES;
				INFOPLIST_FILE = LucakuAudio/Info.plist;
				IPHONEOS_DEPLOYMENT_TARGET = 17.0;
				LD_RUNPATH_SEARCH_PATHS = (
					"$(inherited)",
					"@executable_path/Frameworks",
				);
				MARKETING_VERSION = 1.0;
				PRODUCT_BUNDLE_IDENTIFIER = com.lucaku.audio;
				PRODUCT_NAME = "$(TARGET_NAME)";
				SWIFT_EMIT_LOC_STRINGS = YES;
				SWIFT_VERSION = 5.0;
				TARGETED_DEVICE_FAMILY = 1;
			};
			name = Release;
		};
/* End XCBuildConfiguration section */

/* Begin XCConfigurationList section */
		7914B49B6B4B0DF06AEBFED0 /* Build configuration list for PBXProject "LucakuAudio" */ = {
			isa = XCConfigurationList;
			buildConfigurations = (
				883E07CD5302E4F481E2FBA0 /* Debug */,
				54E9FF090EE8D4CD6CF55BE1 /* Release */,
			);
			defaultConfigurationIsVisible = 0;
			defaultConfigurationName = Release;
		};
		C90018CDAE942B610CB05BF8 /* Build configuration list for PBXNativeTarget "LucakuAudio" */ = {
			isa = XCConfigurationList;
			buildConfigurations = (
				8B414560DEE4E5621245FB5F /* Debug */,
				A3092892C7A03B6FBAFEEB34 /* Release */,
			);
			defaultConfigurationIsVisible = 0;
			defaultConfigurationName = Release;
		};
/* End XCConfigurationList section */

	};
	rootObject = E0C7CC25E22319C2BAEED104 /* Project object */;
}
